
Microsoft Visual Studio Solution File, Format Version 12.00
# Visual Studio Version 17
VisualStudioVersion = 17.2.32630.192
MinimumVisualStudioVersion = 10.0.40219.1
Project("{FAE04EC0-301F-11D3-BF4B-00C04F79EFBC}") = "SpecflowSeleniumOnCSharp", "SpecflowSeleniumOnCSharp\SpecflowSeleniumOnCSharp.csproj", "{9B9BCD4F-A27C-4679-8672-EAF7BA94BB1E}"
EndProject
Project("{FAE04EC0-301F-11D3-BF4B-00C04F79EFBC}") = "MQTASelenium", "ClassLibrary1\MQTASelenium.csproj", "{98DDFEB5-F22A-45F5-9AAF-2910D4C4E4EB}"
EndProject
Global
	GlobalSection(SolutionConfigurationPlatforms) = preSolution
		Debug|Any CPU = Debug|Any CPU
		Release|Any CPU = Release|Any CPU
	EndGlobalSection
	GlobalSection(ProjectConfigurationPlatforms) = postSolution
		{9B9BCD4F-A27C-4679-8672-EAF7BA94BB1E}.Debug|Any CPU.ActiveCfg = Debug|Any CPU
		{9B9BCD4F-A27C-4679-8672-EAF7BA94BB1E}.Debug|Any CPU.Build.0 = Debug|Any CPU
		{9B9BCD4F-A27C-4679-8672-EAF7BA94BB1E}.Release|Any CPU.ActiveCfg = Release|Any CPU
		{9B9BCD4F-A27C-4679-8672-EAF7BA94BB1E}.Release|Any CPU.Build.0 = Release|Any CPU
		{98DDFEB5-F22A-45F5-9AAF-2910D4C4E4EB}.Debug|Any CPU.ActiveCfg = Debug|Any CPU
		{98DDFEB5-F22A-45F5-9AAF-2910D4C4E4EB}.Debug|Any CPU.Build.0 = Debug|Any CPU
		{98DDFEB5-F22A-45F5-9AAF-2910D4C4E4EB}.Release|Any CPU.ActiveCfg = Release|Any CPU
		{98DDFEB5-F22A-45F5-9AAF-2910D4C4E4EB}.Release|Any CPU.Build.0 = Release|Any CPU
	EndGlobalSection
	GlobalSection(SolutionProperties) = preSolution
		HideSolutionNode = FALSE
	EndGlobalSection
	GlobalSection(ExtensibilityGlobals) = postSolution
		SolutionGuid = {8FB001FF-6409-4E15-92B0-7D9980AC5637}
	EndGlobalSection
EndGlobal
